// !$*UTF8*$!
{
	archiveVersion = 1;
	classes = {
	};
	objectVersion = 46;
	objects = {

/* Begin PBXBuildFile section */
		8D5B49B4048680CD000E48DA /* Cocoa.framework in Frameworks */ = {isa = PBXBuildFile; fileRef = 1058C7ADFEA557BF11CA2CBB /* Cocoa.framework */; };
		93596C160A842461001C6860 /* PreferencePanes.framework in Frameworks */ = {isa = PBXBuildFile; fileRef = 93596C150A842461001C6860 /* PreferencePanes.framework */; };
		946896D515D3D286006577C2 /* MountainGrowlDisplay.m in Sources */ = {isa = PBXBuildFile; fileRef = 946896D115D3D286006577C2 /* MountainGrowlDisplay.m */; };
		946896D615D3D286006577C2 /* MountainGrowlPrefs.m in Sources */ = {isa = PBXBuildFile; fileRef = 946896D315D3D286006577C2 /* MountainGrowlPrefs.m */; };
		946896D715D3D286006577C2 /* MountainGrowlPrefs.xib in Resources */ = {isa = PBXBuildFile; fileRef = 946896D415D3D286006577C2 /* MountainGrowlPrefs.xib */; };
		94D52B7115D3D313002D6080 /* Localizable.strings in Resources */ = {isa = PBXBuildFile; fileRef = 94D52B6F15D3D313002D6080 /* Localizable.strings */; };
/* End PBXBuildFile section */

/* Begin PBXFileReference section */
		089C1672FE841209C02AAC07 /* Foundation.framework */ = {isa = PBXFileReference; lastKnownFileType = wrapper.framework; name = Foundation.framework; path = /System/Library/Frameworks/Foundation.framework; sourceTree = "<absolute>"; };
		089C167FFE841241C02AAC07 /* AppKit.framework */ = {isa = PBXFileReference; lastKnownFileType = wrapper.framework; name = AppKit.framework; path = /System/Library/Frameworks/AppKit.framework; sourceTree = "<absolute>"; };
		1058C7ADFEA557BF11CA2CBB /* Cocoa.framework */ = {isa = PBXFileReference; lastKnownFileType = wrapper.framework; name = Cocoa.framework; path = /System/Library/Frameworks/Cocoa.framework; sourceTree = "<absolute>"; };
		32DBCF630370AF2F00C91783 /* MountainGrowl_Prefix.pch */ = {isa = PBXFileReference; fileEncoding = 4; lastKnownFileType = sourcecode.c.h; path = MountainGrowl_Prefix.pch; sourceTree = "<group>"; };
		8D5B49B6048680CD000E48DA /* MountainGrowl.growlView */ = {isa = PBXFileReference; explicitFileType = wrapper.cfbundle; includeInIndex = 0; path = MountainGrowl.growlView; sourceTree = BUILT_PRODUCTS_DIR; };
		932406341077A429008EEF09 /* Info.plist */ = {isa = PBXFileReference; fileEncoding = 4; lastKnownFileType = text.plist.xml; name = Info.plist; path = resources/Info.plist; sourceTree = "<group>"; };
		93596C150A842461001C6860 /* PreferencePanes.framework */ = {isa = PBXFileReference; lastKnownFileType = wrapper.framework; name = PreferencePanes.framework; path = /System/Library/Frameworks/PreferencePanes.framework; sourceTree = "<absolute>"; };
		946896D015D3D286006577C2 /* MountainGrowlDisplay.h */ = {isa = PBXFileReference; fileEncoding = 4; lastKnownFileType = sourcecode.c.h; path = MountainGrowlDisplay.h; sourceTree = "<group>"; };
		946896D115D3D286006577C2 /* MountainGrowlDisplay.m */ = {isa = PBXFileReference; fileEncoding = 4; lastKnownFileType = sourcecode.c.objc; path = MountainGrowlDisplay.m; sourceTree = "<group>"; };
		946896D215D3D286006577C2 /* MountainGrowlPrefs.h */ = {isa = PBXFileReference; fileEncoding = 4; lastKnownFileType = sourcecode.c.h; path = MountainGrowlPrefs.h; sourceTree = "<group>"; };
		946896D315D3D286006577C2 /* MountainGrowlPrefs.m */ = {isa = PBXFileReference; fileEncoding = 4; lastKnownFileType = sourcecode.c.objc; path = MountainGrowlPrefs.m; sourceTree = "<group>"; };
		946896D415D3D286006577C2 /* MountainGrowlPrefs.xib */ = {isa = PBXFileReference; fileEncoding = 4; lastKnownFileType = file.xib; path = MountainGrowlPrefs.xib; sourceTree = "<group>"; };
		94D52B7015D3D313002D6080 /* en */ = {isa = PBXFileReference; lastKnownFileType = text.plist.strings; name = en; path = resources/en.lproj/Localizable.strings; sourceTree = "<group>"; };
		94D52B7215D3D31E002D6080 /* de */ = {isa = PBXFileReference; lastKnownFileType = text.plist.strings; name = de; path = de.lproj/Localizable.strings; sourceTree = "<group>"; };
		94D52BC715D3D5CA002D6080 /* GrowlPluginPreferenceStrings.h */ = {isa = PBXFileReference; fileEncoding = 4; lastKnownFileType = sourcecode.c.h; path = GrowlPluginPreferenceStrings.h; sourceTree = "<group>"; };
		94D52BC815D3D5CA002D6080 /* GrowlDisplayPlugin.h */ = {isa = PBXFileReference; fileEncoding = 4; lastKnownFileType = sourcecode.c.h; path = GrowlDisplayPlugin.h; sourceTree = "<group>"; };
		94D52BC915D3D5CA002D6080 /* GrowlDisplayWindowController.h */ = {isa = PBXFileReference; fileEncoding = 4; lastKnownFileType = sourcecode.c.h; path = GrowlDisplayWindowController.h; sourceTree = "<group>"; };
		94D52BCA15D3D5CA002D6080 /* GrowlNotificationDisplayBridge.h */ = {isa = PBXFileReference; fileEncoding = 4; lastKnownFileType = sourcecode.c.h; path = GrowlNotificationDisplayBridge.h; sourceTree = "<group>"; };
		94D52BCC15D3D5E3002D6080 /* GrowlPlugin.h */ = {isa = PBXFileReference; fileEncoding = 4; lastKnownFileType = sourcecode.c.h; path = GrowlPlugin.h; sourceTree = "<group>"; };
		94D52BCD15D3D678002D6080 /* GrowlNotification.h */ = {isa = PBXFileReference; lastKnownFileType = sourcecode.c.h; path = GrowlNotification.h; sourceTree = "<group>"; };
		94D52BCE15D3D6EE002D6080 /* GrowlDefines.h */ = {isa = PBXFileReference; lastKnownFileType = sourcecode.c.h; path = GrowlDefines.h; sourceTree = "<group>"; };
		94D52BCF15D3D72C002D6080 /* GrowlDefinesInternal.h */ = {isa = PBXFileReference; lastKnownFileType = sourcecode.c.h; path = GrowlDefinesInternal.h; sourceTree = "<group>"; };
		D2F7E65807B2D6F200F64583 /* CoreData.framework */ = {isa = PBXFileReference; lastKnownFileType = wrapper.framework; name = CoreData.framework; path = /System/Library/Frameworks/CoreData.framework; sourceTree = "<absolute>"; };
/* End PBXFileReference section */

/* Begin PBXFrameworksBuildPhase section */
		8D5B49B3048680CD000E48DA /* Frameworks */ = {
			isa = PBXFrameworksBuildPhase;
			buildActionMask = 2147483647;
			files = (
				8D5B49B4048680CD000E48DA /* Cocoa.framework in Frameworks */,
				93596C160A842461001C6860 /* PreferencePanes.framework in Frameworks */,
			);
			runOnlyForDeploymentPostprocessing = 0;
		};
/* End PBXFrameworksBuildPhase section */

/* Begin PBXGroup section */
		089C166AFE841209C02AAC07 /* Sample */ = {
			isa = PBXGroup;
			children = (
				9324062D1077A400008EEF09 /* Growl */,
				93596AC70A84222E001C6860 /* Source */,
				089C167CFE841241C02AAC07 /* Resources */,
				32C88E010371C26100C91783 /* Other Sources */,
				089C1671FE841209C02AAC07 /* Frameworks and Libraries */,
				19C28FB8FE9D52D311CA2CBB /* Products */,
			);
			name = Sample;
			sourceTree = "<group>";
		};
		089C1671FE841209C02AAC07 /* Frameworks and Libraries */ = {
			isa = PBXGroup;
			children = (
				1058C7ACFEA557BF11CA2CBB /* Linked Frameworks */,
				1058C7AEFEA557BF11CA2CBB /* Other Frameworks */,
			);
			name = "Frameworks and Libraries";
			sourceTree = "<group>";
		};
		089C167CFE841241C02AAC07 /* Resources */ = {
			isa = PBXGroup;
			children = (
				94D52B6F15D3D313002D6080 /* Localizable.strings */,
				932406341077A429008EEF09 /* Info.plist */,
			);
			name = Resources;
			sourceTree = "<group>";
		};
		1058C7ACFEA557BF11CA2CBB /* Linked Frameworks */ = {
			isa = PBXGroup;
			children = (
				1058C7ADFEA557BF11CA2CBB /* Cocoa.framework */,
			);
			name = "Linked Frameworks";
			sourceTree = "<group>";
		};
		1058C7AEFEA557BF11CA2CBB /* Other Frameworks */ = {
			isa = PBXGroup;
			children = (
				93596C150A842461001C6860 /* PreferencePanes.framework */,
				089C167FFE841241C02AAC07 /* AppKit.framework */,
				D2F7E65807B2D6F200F64583 /* CoreData.framework */,
				089C1672FE841209C02AAC07 /* Foundation.framework */,
			);
			name = "Other Frameworks";
			sourceTree = "<group>";
		};
		19C28FB8FE9D52D311CA2CBB /* Products */ = {
			isa = PBXGroup;
			children = (
				8D5B49B6048680CD000E48DA /* MountainGrowl.growlView */,
			);
			name = Products;
			sourceTree = "<group>";
		};
		32C88E010371C26100C91783 /* Other Sources */ = {
			isa = PBXGroup;
			children = (
				32DBCF630370AF2F00C91783 /* MountainGrowl_Prefix.pch */,
			);
			name = "Other Sources";
			sourceTree = "<group>";
		};
		9324062D1077A400008EEF09 /* Growl */ = {
			isa = PBXGroup;
			children = (
				94D52BC715D3D5CA002D6080 /* GrowlPluginPreferenceStrings.h */,
				94D52BC815D3D5CA002D6080 /* GrowlDisplayPlugin.h */,
				94D52BC915D3D5CA002D6080 /* GrowlDisplayWindowController.h */,
				94D52BCA15D3D5CA002D6080 /* GrowlNotificationDisplayBridge.h */,
				94D52BCC15D3D5E3002D6080 /* GrowlPlugin.h */,
				94D52BCD15D3D678002D6080 /* GrowlNotification.h */,
				94D52BCE15D3D6EE002D6080 /* GrowlDefines.h */,
				94D52BCF15D3D72C002D6080 /* GrowlDefinesInternal.h */,
			);
			name = Growl;
			sourceTree = "<group>";
		};
		93596AC70A84222E001C6860 /* Source */ = {
			isa = PBXGroup;
			children = (
				946896D015D3D286006577C2 /* MountainGrowlDisplay.h */,
				946896D115D3D286006577C2 /* MountainGrowlDisplay.m */,
				946896D215D3D286006577C2 /* MountainGrowlPrefs.h */,
				946896D315D3D286006577C2 /* MountainGrowlPrefs.m */,
				946896D415D3D286006577C2 /* MountainGrowlPrefs.xib */,
			);
			path = Source;
			sourceTree = "<group>";
		};
/* End PBXGroup section */

/* Begin PBXNativeTarget section */
		8D5B49AC048680CD000E48DA /* MountainGrowl */ = {
			isa = PBXNativeTarget;
			buildConfigurationList = 1DEB913A08733D840010E9CD /* Build configuration list for PBXNativeTarget "MountainGrowl" */;
			buildPhases = (
				8D5B49AF048680CD000E48DA /* Resources */,
				8D5B49B1048680CD000E48DA /* Sources */,
				8D5B49B3048680CD000E48DA /* Frameworks */,
			);
			buildRules = (
			);
			dependencies = (
			);
			name = MountainGrowl;
			productInstallPath = "$(HOME)/Library/Bundles";
			productName = Sample;
			productReference = 8D5B49B6048680CD000E48DA /* MountainGrowl.growlView */;
			productType = "com.apple.product-type.bundle";
		};
/* End PBXNativeTarget section */

/* Begin PBXProject section */
		089C1669FE841209C02AAC07 /* Project object */ = {
			isa = PBXProject;
			attributes = {
				LastUpgradeCheck = 0440;
			};
			buildConfigurationList = 1DEB913E08733D840010E9CD /* Build configuration list for PBXProject "MountainGrowl" */;
			compatibilityVersion = "Xcode 3.2";
			developmentRegion = English;
			hasScannedForEncodings = 1;
			knownRegions = (
				English,
				Japanese,
				French,
				German,
				de,
				en,
				fr,
				ja,
			);
			mainGroup = 089C166AFE841209C02AAC07 /* Sample */;
			projectDirPath = "";
			projectRoot = "";
			targets = (
				8D5B49AC048680CD000E48DA /* MountainGrowl */,
			);
		};
/* End PBXProject section */

/* Begin PBXResourcesBuildPhase section */
		8D5B49AF048680CD000E48DA /* Resources */ = {
			isa = PBXResourcesBuildPhase;
			buildActionMask = 2147483647;
			files = (
				946896D715D3D286006577C2 /* MountainGrowlPrefs.xib in Resources */,
				94D52B7115D3D313002D6080 /* Localizable.strings in Resources */,
			);
			runOnlyForDeploymentPostprocessing = 0;
		};
/* End PBXResourcesBuildPhase section */

/* Begin PBXSourcesBuildPhase section */
		8D5B49B1048680CD000E48DA /* Sources */ = {
			isa = PBXSourcesBuildPhase;
			buildActionMask = 2147483647;
			files = (
				946896D515D3D286006577C2 /* MountainGrowlDisplay.m in Sources */,
				946896D615D3D286006577C2 /* MountainGrowlPrefs.m in Sources */,
			);
			runOnlyForDeploymentPostprocessing = 0;
		};
/* End PBXSourcesBuildPhase section */

/* Begin PBXVariantGroup section */
		94D52B6F15D3D313002D6080 /* Localizable.strings */ = {
			isa = PBXVariantGroup;
			children = (
				94D52B7015D3D313002D6080 /* en */,
				94D52B7215D3D31E002D6080 /* de */,
			);
			name = Localizable.strings;
			sourceTree = "<group>";
		};
/* End PBXVariantGroup section */

/* Begin XCBuildConfiguration section */
		1DEB913B08733D840010E9CD /* Debug */ = {
			isa = XCBuildConfiguration;
			buildSettings = {
				COMBINE_HIDPI_IMAGES = YES;
				COPY_PHASE_STRIP = NO;
				GCC_DYNAMIC_NO_PIC = NO;
				GCC_MODEL_TUNING = G5;
				GCC_OPTIMIZATION_LEVEL = 0;
				GCC_PRECOMPILE_PREFIX_HEADER = YES;
				GCC_PREFIX_HEADER = MountainGrowl_Prefix.pch;
				GCC_WARN_64_TO_32_BIT_CONVERSION = YES;
				INFOPLIST_FILE = resources/Info.plist;
				INSTALL_PATH = "$(HOME)/Library/Application Support/Growl/Plugins";
				OTHER_LDFLAGS = (
					"-undefined",
					dynamic_lookup,
				);
				PRODUCT_NAME = MountainGrowl;
				WRAPPER_EXTENSION = growlView;
			};
			name = Debug;
		};
		1DEB913C08733D840010E9CD /* Release */ = {
			isa = XCBuildConfiguration;
			buildSettings = {
				COMBINE_HIDPI_IMAGES = YES;
				GCC_GENERATE_DEBUGGING_SYMBOLS = NO;
				GCC_MODEL_TUNING = G5;
				GCC_PRECOMPILE_PREFIX_HEADER = YES;
				GCC_PREFIX_HEADER = MountainGrowl_Prefix.pch;
				INFOPLIST_FILE = resources/Info.plist;
				INSTALL_PATH = "$(HOME)/Library/Application Support/Growl/Plugins";
				OTHER_LDFLAGS = (
					"-undefined",
					dynamic_lookup,
				);
				PRODUCT_NAME = MountainGrowl;
				WRAPPER_EXTENSION = growlView;
			};
			name = Release;
		};
		1DEB913F08733D840010E9CD /* Debug */ = {
			isa = XCBuildConfiguration;
			buildSettings = {
				ARCHS = "$(ARCHS_STANDARD_64_BIT)";
				GCC_ENABLE_OBJC_GC = supported;
				GCC_WARN_ABOUT_RETURN_TYPE = YES;
				GCC_WARN_UNUSED_VARIABLE = YES;
				MACOSX_DEPLOYMENT_TARGET = 10.8;
				SDKROOT = macosx;
			};
			name = Debug;
		};
		1DEB914008733D840010E9CD /* Release */ = {
			isa = XCBuildConfiguration;
			buildSettings = {
				ARCHS = "$(ARCHS_STANDARD_64_BIT)";
				GCC_ENABLE_OBJC_GC = supported;
				GCC_WARN_ABOUT_RETURN_TYPE = YES;
				GCC_WARN_UNUSED_VARIABLE = YES;
				MACOSX_DEPLOYMENT_TARGET = 10.8;
				SDKROOT = macosx;
			};
			name = Release;
		};
/* End XCBuildConfiguration section */

/* Begin XCConfigurationList section */
		1DEB913A08733D840010E9CD /* Build configuration list for PBXNativeTarget "MountainGrowl" */ = {
			isa = XCConfigurationList;
			buildConfigurations = (
				1DEB913B08733D840010E9CD /* Debug */,
				1DEB913C08733D840010E9CD /* Release */,
			);
			defaultConfigurationIsVisible = 0;
			defaultConfigurationName = Release;
		};
		1DEB913E08733D840010E9CD /* Build configuration list for PBXProject "MountainGrowl" */ = {
			isa = XCConfigurationList;
			buildConfigurations = (
				1DEB913F08733D840010E9CD /* Debug */,
				1DEB914008733D840010E9CD /* Release */,
			);
			defaultConfigurationIsVisible = 0;
			defaultConfigurationName = Release;
		};
/* End XCConfigurationList section */
	};
	rootObject = 089C1669FE841209C02AAC07 /* Project object */;
}
